
Microsoft Visual Studio Solution File, Format Version 12.00
# Visual Studio Version 17
VisualStudioVersion = 17.5.33516.290
MinimumVisualStudioVersion = 10.0.40219.1
Project("{9A19103F-16F7-4668-BE54-9A1E7A4F7556}") = "BracketGenerator", "src\BracketGenerator\BracketGenerator.csproj", "{21FCC02E-76D2-4A37-96A0-D463BCEDFCD3}"
EndProject
Project("{9A19103F-16F7-4668-BE54-9A1E7A4F7556}") = "Application.Tests", "tests\BracketGenerator.Tests\Application.Tests.csproj", "{7BD0D839-5192-4FEC-904C-98110CEA272E}"
EndProject
Project("{2150E333-8FDC-42A3-9474-1A3956D46DE8}") = "src", "src", "{E818979E-D521-4FE0-BAD5-A1A3A85005B6}"
EndProject
Project("{2150E333-8FDC-42A3-9474-1A3956D46DE8}") = "tests", "tests", "{7DD07302-215A-42E8-B4CD-558101AF9445}"
EndProject
Project("{2150E333-8FDC-42A3-9474-1A3956D46DE8}") = "BracketGenerator.Infrastructure", "BracketGenerator.Infrastructure", "{FA69EED8-43AB-4822-B966-0B96793F5118}"
EndProject
Project("{2150E333-8FDC-42A3-9474-1A3956D46DE8}") = "BracketGenerator.Core", "BracketGenerator.Core", "{0EBBE4FE-F0E1-4B2C-B3FE-418D113B9E1E}"
EndProject
Project("{2150E333-8FDC-42A3-9474-1A3956D46DE8}") = "BracketGenerator.Presentation", "BracketGenerator.Presentation", "{D7AB8083-935D-440A-B78F-70AF8B7E406C}"
EndProject
Project("{2150E333-8FDC-42A3-9474-1A3956D46DE8}") = "BracketGenerator.Core", "BracketGenerator.Core", "{D283F552-4776-4A28-BAEB-5728EBA95807}"
EndProject
Project("{2150E333-8FDC-42A3-9474-1A3956D46DE8}") = "BracketGenerator.Persistence", "BracketGenerator.Persistence", "{2D89FC4C-615F-4F05-B267-FD5F6B5C7AE5}"
EndProject
Project("{2150E333-8FDC-42A3-9474-1A3956D46DE8}") = "BracketGenerator.Integration", "BracketGenerator.Integration", "{7D0E5F06-A646-4938-A8DB-013EEE71DA7A}"
EndProject
Project("{9A19103F-16F7-4668-BE54-9A1E7A4F7556}") = "Application", "src\Application\Application.csproj", "{66A42846-3D35-4B5C-B667-DA008E615C2D}"
EndProject
Project("{9A19103F-16F7-4668-BE54-9A1E7A4F7556}") = "Domain", "src\Domain\Domain.csproj", "{BC004CF9-8542-44C2-A94A-37EE73E969A4}"
EndProject
Project("{9A19103F-16F7-4668-BE54-9A1E7A4F7556}") = "Persistence", "src\Persistence\Persistence.csproj", "{73C84459-CF9A-4100-8AA3-5A0BA3E35205}"
EndProject
Project("{9A19103F-16F7-4668-BE54-9A1E7A4F7556}") = "API", "src\API\API.csproj", "{3CB51F85-2958-46C0-A96C-5D5872CEA72D}"
EndProject
Global
	GlobalSection(SolutionConfigurationPlatforms) = preSolution
		Debug|Any CPU = Debug|Any CPU
		Release|Any CPU = Release|Any CPU
	EndGlobalSection
	GlobalSection(ProjectConfigurationPlatforms) = postSolution
		{21FCC02E-76D2-4A37-96A0-D463BCEDFCD3}.Debug|Any CPU.ActiveCfg = Debug|Any CPU
		{21FCC02E-76D2-4A37-96A0-D463BCEDFCD3}.Debug|Any CPU.Build.0 = Debug|Any CPU
		{21FCC02E-76D2-4A37-96A0-D463BCEDFCD3}.Release|Any CPU.ActiveCfg = Release|Any CPU
		{21FCC02E-76D2-4A37-96A0-D463BCEDFCD3}.Release|Any CPU.Build.0 = Release|Any CPU
		{7BD0D839-5192-4FEC-904C-98110CEA272E}.Debug|Any CPU.ActiveCfg = Debug|Any CPU
		{7BD0D839-5192-4FEC-904C-98110CEA272E}.Debug|Any CPU.Build.0 = Debug|Any CPU
		{7BD0D839-5192-4FEC-904C-98110CEA272E}.Release|Any CPU.ActiveCfg = Release|Any CPU
		{7BD0D839-5192-4FEC-904C-98110CEA272E}.Release|Any CPU.Build.0 = Release|Any CPU
		{66A42846-3D35-4B5C-B667-DA008E615C2D}.Debug|Any CPU.ActiveCfg = Debug|Any CPU
		{66A42846-3D35-4B5C-B667-DA008E615C2D}.Debug|Any CPU.Build.0 = Debug|Any CPU
		{66A42846-3D35-4B5C-B667-DA008E615C2D}.Release|Any CPU.ActiveCfg = Release|Any CPU
		{66A42846-3D35-4B5C-B667-DA008E615C2D}.Release|Any CPU.Build.0 = Release|Any CPU
		{BC004CF9-8542-44C2-A94A-37EE73E969A4}.Debug|Any CPU.ActiveCfg = Debug|Any CPU
		{BC004CF9-8542-44C2-A94A-37EE73E969A4}.Debug|Any CPU.Build.0 = Debug|Any CPU
		{BC004CF9-8542-44C2-A94A-37EE73E969A4}.Release|Any CPU.ActiveCfg = Release|Any CPU
		{BC004CF9-8542-44C2-A94A-37EE73E969A4}.Release|Any CPU.Build.0 = Release|Any CPU
		{73C84459-CF9A-4100-8AA3-5A0BA3E35205}.Debug|Any CPU.ActiveCfg = Debug|Any CPU
		{73C84459-CF9A-4100-8AA3-5A0BA3E35205}.Debug|Any CPU.Build.0 = Debug|Any CPU
		{73C84459-CF9A-4100-8AA3-5A0BA3E35205}.Release|Any CPU.ActiveCfg = Release|Any CPU
		{73C84459-CF9A-4100-8AA3-5A0BA3E35205}.Release|Any CPU.Build.0 = Release|Any CPU
		{3CB51F85-2958-46C0-A96C-5D5872CEA72D}.Debug|Any CPU.ActiveCfg = Debug|Any CPU
		{3CB51F85-2958-46C0-A96C-5D5872CEA72D}.Debug|Any CPU.Build.0 = Debug|Any CPU
		{3CB51F85-2958-46C0-A96C-5D5872CEA72D}.Release|Any CPU.ActiveCfg = Release|Any CPU
		{3CB51F85-2958-46C0-A96C-5D5872CEA72D}.Release|Any CPU.Build.0 = Release|Any CPU
	EndGlobalSection
	GlobalSection(SolutionProperties) = preSolution
		HideSolutionNode = FALSE
	EndGlobalSection
	GlobalSection(NestedProjects) = preSolution
		{7BD0D839-5192-4FEC-904C-98110CEA272E} = {D283F552-4776-4A28-BAEB-5728EBA95807}
		{FA69EED8-43AB-4822-B966-0B96793F5118} = {E818979E-D521-4FE0-BAD5-A1A3A85005B6}
		{0EBBE4FE-F0E1-4B2C-B3FE-418D113B9E1E} = {E818979E-D521-4FE0-BAD5-A1A3A85005B6}
		{D7AB8083-935D-440A-B78F-70AF8B7E406C} = {E818979E-D521-4FE0-BAD5-A1A3A85005B6}
		{D283F552-4776-4A28-BAEB-5728EBA95807} = {7DD07302-215A-42E8-B4CD-558101AF9445}
		{2D89FC4C-615F-4F05-B267-FD5F6B5C7AE5} = {7DD07302-215A-42E8-B4CD-558101AF9445}
		{7D0E5F06-A646-4938-A8DB-013EEE71DA7A} = {7DD07302-215A-42E8-B4CD-558101AF9445}
		{66A42846-3D35-4B5C-B667-DA008E615C2D} = {0EBBE4FE-F0E1-4B2C-B3FE-418D113B9E1E}
		{BC004CF9-8542-44C2-A94A-37EE73E969A4} = {0EBBE4FE-F0E1-4B2C-B3FE-418D113B9E1E}
		{73C84459-CF9A-4100-8AA3-5A0BA3E35205} = {FA69EED8-43AB-4822-B966-0B96793F5118}
		{3CB51F85-2958-46C0-A96C-5D5872CEA72D} = {D7AB8083-935D-440A-B78F-70AF8B7E406C}
	EndGlobalSection
	GlobalSection(ExtensibilityGlobals) = postSolution
		SolutionGuid = {C22B5143-FC9A-4D54-AB7B-D69B851F7A3F}
	EndGlobalSection
EndGlobal
